
Microsoft Visual Studio Solution File, Format Version 12.00
# Visual Studio Version 16
VisualStudioVersion = 16.0.30517.126
MinimumVisualStudioVersion = 10.0.40219.1
Project("{FAE04EC0-301F-11D3-BF4B-00C04F79EFBC}") = "AVL-Tree", "AVL-Tree.csproj", "{53AAD036-42C0-4BC7-8CCF-81416084CB2B}"
EndProject
Global
	GlobalSection(SolutionConfigurationPlatforms) = preSolution
		Debug|Any CPU = Debug|Any CPU
		Release|Any CPU = Release|Any CPU
	EndGlobalSection
	GlobalSection(ProjectConfigurationPlatforms) = postSolution
		{53AAD036-42C0-4BC7-8CCF-81416084CB2B}.Debug|Any CPU.ActiveCfg = Debug|Any CPU
		{53AAD036-42C0-4BC7-8CCF-81416084CB2B}.Debug|Any CPU.Build.0 = Debug|Any CPU
		{53AAD036-42C0-4BC7-8CCF-81416084CB2B}.Release|Any CPU.ActiveCfg = Release|Any CPU
		{53AAD036-42C0-4BC7-8CCF-81416084CB2B}.Release|Any CPU.Build.0 = Release|Any CPU
	EndGlobalSection
	GlobalSection(SolutionProperties) = preSolution
		HideSolutionNode = FALSE
	EndGlobalSection
	GlobalSection(ExtensibilityGlobals) = postSolution
		SolutionGuid = {7B5407C9-7929-48CF-9376-8CF8C1AD0AAB}
	EndGlobalSection
EndGlobal
